<?xml version="1.0" encoding="utf-8"?>
<Project ToolsVersion="4.0" xmlns="http://schemas.microsoft.com/developer/msbuild/2003">
  <ItemGroup>
    <Filter Include="소스 파일">
      <UniqueIdentifier>{4FC737F1-C7A5-4376-A066-2A32D752A2FF}</UniqueIdentifier>
      <Extensions>cpp;c;cc;cxx;def;odl;idl;hpj;bat;asm;asmx</Extensions>
    </Filter>
    <Filter Include="헤더 파일">
      <UniqueIdentifier>{93995380-89BD-4b04-88EB-625FBE52EBFB}</UniqueIdentifier>
      <Extensions>h;hh;hpp;hxx;hm;inl;inc;ipp;xsd</Extensions>
    </Filter>
    <Filter Include="리소스 파일">
      <UniqueIdentifier>{67DA6AB6-F800-4c08-8B7A-83BB121AAD01}</UniqueIdentifier>
      <Extensions>rc;ico;cur;bmp;dlg;rc2;rct;bin;rgs;gif;jpg;jpeg;jpe;resx;tiff;tif;png;wav;mfcribbon-ms</Extensions>
    </Filter>
    <Filter Include="소스 파일\MainEntry">
      <UniqueIdentifier>{6b777b91-7a8a-46fb-a820-8e7bd3594487}</UniqueIdentifier>
    </Filter>
    <Filter Include="헤더 파일\Utillity">
      <UniqueIdentifier>{6759f5e7-a484-4e1c-9575-14290bc57e5a}</UniqueIdentifier>
    </Filter>
    <Filter Include="Object">
      <UniqueIdentifier>{fa4c82bb-c255-49b4-918e-6bd0a59fb2f7}</UniqueIdentifier>
    </Filter>
    <Filter Include="Module">
      <UniqueIdentifier>{0acbdf0e-0c68-4503-8991-cb98c4071ab5}</UniqueIdentifier>
    </Filter>
    <Filter Include="Module\SingletonModule">
      <UniqueIdentifier>{bc16548a-c6a3-4984-82f5-c9df57c72ab9}</UniqueIdentifier>
    </Filter>
    <Filter Include="Module\SingletonModule\TimeModule">
      <UniqueIdentifier>{a205e5bd-7692-4eac-a662-5a0c9b51ba00}</UniqueIdentifier>
    </Filter>
    <Filter Include="Module\SingletonModule\FontModule">
      <UniqueIdentifier>{603de7cf-f77b-4e7d-83ed-7abda4453ef4}</UniqueIdentifier>
    </Filter>
    <Filter Include="Module\SingletonModule\CameraModule">
      <UniqueIdentifier>{ec035a43-e7c6-4e35-b07d-52b8125a1803}</UniqueIdentifier>
    </Filter>
    <Filter Include="Module\SingletonModule\BrushModule">
      <UniqueIdentifier>{bfae41b4-4ad0-4b0c-bdf6-07e010c1bce0}</UniqueIdentifier>
    </Filter>
    <Filter Include="헤더 파일\Collision">
      <UniqueIdentifier>{f10b8f43-ff6f-47da-8da3-560aec7d1031}</UniqueIdentifier>
    </Filter>
    <Filter Include="헤더 파일\Utillity\CullHelper">
      <UniqueIdentifier>{f253205d-3861-48d4-b86f-fba754b54107}</UniqueIdentifier>
    </Filter>
    <Filter Include="Module\SingletonModule\ImageModule">
      <UniqueIdentifier>{5c173d90-c364-491d-80f8-cf4a4b2dbaef}</UniqueIdentifier>
    </Filter>
    <Filter Include="Module\SingletonModule\ImageModule\ImageManager">
      <UniqueIdentifier>{6420675b-fa6d-4eea-ae02-b28f95b0c401}</UniqueIdentifier>
    </Filter>
    <Filter Include="Module\SingletonModule\ImageModule\ImageSource">
      <UniqueIdentifier>{318ac024-cfcd-4baf-8630-af201a967d56}</UniqueIdentifier>
    </Filter>
    <Filter Include="소스 파일\System">
      <UniqueIdentifier>{3ee24be7-3f36-44b4-ad8a-93ecd9042c79}</UniqueIdentifier>
    </Filter>
    <Filter Include="소스 파일\System\D2D">
      <UniqueIdentifier>{555c9ab0-d072-4e38-afb5-2cc82b6d0e23}</UniqueIdentifier>
    </Filter>
    <Filter Include="Map">
      <UniqueIdentifier>{a5edd897-085e-4d0a-b808-7cf4a213bc4e}</UniqueIdentifier>
    </Filter>
    <Filter Include="Scene">
      <UniqueIdentifier>{bb415e14-75f1-419a-a171-750d60eee5bd}</UniqueIdentifier>
    </Filter>
    <Filter Include="Scene\SceneList">
      <UniqueIdentifier>{3586f755-cb29-481f-aaba-2d98d0a2b964}</UniqueIdentifier>
    </Filter>
    <Filter Include="Scene\SceneList\Edit">
      <UniqueIdentifier>{72d24096-3cb3-44c6-88e8-54e88797e41b}</UniqueIdentifier>
    </Filter>
    <Filter Include="Scene\SceneList\Play">
      <UniqueIdentifier>{2baf821d-fc8e-4641-b5e7-571c2121340a}</UniqueIdentifier>
    </Filter>
    <Filter Include="Scene\SceneList\Edit\UI">
      <UniqueIdentifier>{157a93d5-bbd7-4b03-b73c-167ef9fa3c94}</UniqueIdentifier>
    </Filter>
    <Filter Include="Scene\SceneList\Edit\Controller">
      <UniqueIdentifier>{863c014a-70f9-4542-9338-ce09e4cf1759}</UniqueIdentifier>
    </Filter>
    <Filter Include="UI">
      <UniqueIdentifier>{2c4d9d46-1c4a-49ca-bdc3-03f1c0f5a247}</UniqueIdentifier>
    </Filter>
    <Filter Include="Scene\SceneList\Edit\UI\Button">
      <UniqueIdentifier>{658b0790-53ae-4196-b365-02021f85c489}</UniqueIdentifier>
    </Filter>
    <Filter Include="Object\MapObject">
      <UniqueIdentifier>{0e61a557-a2da-4b35-bec7-3c8059504b17}</UniqueIdentifier>
    </Filter>
    <Filter Include="Object\ObjectManager">
      <UniqueIdentifier>{9708c191-23fe-4dae-baa9-08afcfeb647e}</UniqueIdentifier>
    </Filter>
    <Filter Include="LoadSource">
      <UniqueIdentifier>{fd917255-adc3-4761-b76f-51a5d912c7ef}</UniqueIdentifier>
    </Filter>
    <Filter Include="Scene\SceneList\Title">
      <UniqueIdentifier>{33fc455d-0873-4f70-b0d0-5b9533ebb3be}</UniqueIdentifier>
    </Filter>
    <Filter Include="Object\Actor">
      <UniqueIdentifier>{dac683fa-7e19-44db-ae84-c105994fb506}</UniqueIdentifier>
    </Filter>
    <Filter Include="Object\Actor\Monster">
      <UniqueIdentifier>{46e02cb0-c925-48fd-a109-c7374cd740c5}</UniqueIdentifier>
    </Filter>
    <Filter Include="Object\Actor\Player">
      <UniqueIdentifier>{ba7a3717-7672-47f7-b487-a03c135c2837}</UniqueIdentifier>
    </Filter>
    <Filter Include="Scene\SceneList\Play\World">
      <UniqueIdentifier>{363f4c92-b30b-406b-89b5-5eccb872f7fa}</UniqueIdentifier>
    </Filter>
    <Filter Include="UI\Button">
      <UniqueIdentifier>{8aeb8055-41f8-4ef6-8507-393bdf8bd102}</UniqueIdentifier>
    </Filter>
    <Filter Include="UI\Pannel">
      <UniqueIdentifier>{3cd9fdb3-77c2-41fd-919f-ef8bd0f3d00a}</UniqueIdentifier>
    </Filter>
    <Filter Include="Scene\SceneList\Test">
      <UniqueIdentifier>{29b733bf-2dca-4c48-885c-001366734ffa}</UniqueIdentifier>
    </Filter>
    <Filter Include="Object\Tile">
      <UniqueIdentifier>{d42b2578-3b5b-4ac4-8504-8bb9ef8c4f9e}</UniqueIdentifier>
    </Filter>
    <Filter Include="Module\KeyModule">
      <UniqueIdentifier>{33ce7f7e-32e0-4ea4-8163-3b07e4ac7565}</UniqueIdentifier>
    </Filter>
    <Filter Include="Module\Data">
      <UniqueIdentifier>{76f2486a-f321-414a-80fa-2cf233d469bf}</UniqueIdentifier>
    </Filter>
    <Filter Include="Scene\SceneList\Edit\UI\Palette">
      <UniqueIdentifier>{8cfe5fbe-c9e0-48f7-a18a-acb43faf9baf}</UniqueIdentifier>
    </Filter>
    <Filter Include="Object\ProgressBar">
      <UniqueIdentifier>{b6ea6dfe-4f70-4cf3-82ce-9660f2486e16}</UniqueIdentifier>
    </Filter>
    <Filter Include="Object\ObjectManager\SearchObject">
      <UniqueIdentifier>{4c3c56d3-5f62-44f7-937b-3b78f2ee8821}</UniqueIdentifier>
    </Filter>
    <Filter Include="Module\Season">
      <UniqueIdentifier>{df37fd1b-7019-4cb7-b75d-842372e2349c}</UniqueIdentifier>
    </Filter>
    <Filter Include="Scene\SceneList\Play\Battle">
      <UniqueIdentifier>{5a7ccd29-b17a-4d4d-8cf1-8055d22a183c}</UniqueIdentifier>
    </Filter>
    <Filter Include="Object\ObjectManager\SearchObject\AStar">
      <UniqueIdentifier>{5b093722-2e2d-40cc-bb38-53f9ed703d44}</UniqueIdentifier>
    </Filter>
    <Filter Include="Scene\SceneList\Play\Select">
      <UniqueIdentifier>{6d11c8f7-6905-40cc-8b8c-d1b366947b8d}</UniqueIdentifier>
    </Filter>
    <Filter Include="Scene\SceneList\Play\Select\CreatePlayer">
      <UniqueIdentifier>{b42b0d3b-aa47-4aaf-8fd8-0fffa1446657}</UniqueIdentifier>
    </Filter>
    <Filter Include="Object\ProgressBar\PropertyBar">
      <UniqueIdentifier>{d19f2588-8008-436d-a0c8-ddb310a953e1}</UniqueIdentifier>
    </Filter>
    <Filter Include="Module\SingletonModule\SceneModule">
      <UniqueIdentifier>{d5fb1f8e-eee7-4b43-b535-e2c58563e5e9}</UniqueIdentifier>
    </Filter>
    <Filter Include="Scene\SceneList\Option">
      <UniqueIdentifier>{ac7d676b-e5d3-42f1-9004-d448cf268a1f}</UniqueIdentifier>
    </Filter>
    <Filter Include="Scene\SceneList\Play\UI">
      <UniqueIdentifier>{e3e8d9e6-e157-4b7d-b3f7-dacb80d541db}</UniqueIdentifier>
    </Filter>
    <Filter Include="Scene\SceneList\Play\UI\SeasonUI">
      <UniqueIdentifier>{d0165672-2cbd-4584-91ca-8ee957eb6151}</UniqueIdentifier>
    </Filter>
    <Filter Include="Scene\SceneList\Play\UI\Status">
      <UniqueIdentifier>{86ad4740-c611-42f6-856b-4da7c33fdd62}</UniqueIdentifier>
    </Filter>
    <Filter Include="Scene\SceneList\Play\UI\Status\PlayerStatus">
      <UniqueIdentifier>{bc03216c-556c-46e2-9d25-5d38a2cb0dde}</UniqueIdentifier>
    </Filter>
    <Filter Include="Scene\SceneList\Play\Controller">
      <UniqueIdentifier>{2d13f265-f4ca-46fe-91ec-8b51c90e79aa}</UniqueIdentifier>
    </Filter>
    <Filter Include="Scene\SceneList\Play\UI\Option">
      <UniqueIdentifier>{9d44c6fd-8658-4865-8393-9e232b7070be}</UniqueIdentifier>
    </Filter>
    <Filter Include="Scene\SceneList\Play\World\World2">
      <UniqueIdentifier>{9ecf920d-5f26-48d0-b691-afd49a4a481c}</UniqueIdentifier>
    </Filter>
    <Filter Include="Scene\SceneList\Play\World\World3">
      <UniqueIdentifier>{7084b54e-513a-4adc-b41a-3d4fb474fe9b}</UniqueIdentifier>
    </Filter>
    <Filter Include="Scene\SceneList\Play\World\World4">
      <UniqueIdentifier>{d9a8e2ec-d7cb-49d7-b75f-b7840451e513}</UniqueIdentifier>
    </Filter>
    <Filter Include="Scene\SceneList\Play\World\World5">
      <UniqueIdentifier>{ff420301-ef5e-488c-8e84-b6a344116750}</UniqueIdentifier>
    </Filter>
    <Filter Include="Scene\SceneList\Play\World\World6">
      <UniqueIdentifier>{949c30ea-9ace-4c14-99c0-aa70095f5461}</UniqueIdentifier>
    </Filter>
    <Filter Include="Scene\SceneList\Play\World\World7">
      <UniqueIdentifier>{faddfa01-3e79-4a26-9e0c-dc76e2a925cf}</UniqueIdentifier>
    </Filter>
    <Filter Include="Scene\SceneList\Play\World\World8">
      <UniqueIdentifier>{3496a13a-f88d-4b33-b371-0674585680c0}</UniqueIdentifier>
    </Filter>
    <Filter Include="Scene\SceneList\Play\World\World9">
      <UniqueIdentifier>{4c949703-689c-433e-98ef-08e5721a571f}</UniqueIdentifier>
    </Filter>
    <Filter Include="Module\SingletonModule\Sound">
      <UniqueIdentifier>{fe9eff0d-2b88-40b4-af89-8e93610c241e}</UniqueIdentifier>
    </Filter>
    <Filter Include="Module\SingletonModule\Sound\SoundSource">
      <UniqueIdentifier>{2acab631-3187-4981-a598-45dcd6080429}</UniqueIdentifier>
    </Filter>
    <Filter Include="Scene\SceneList\Play\UI\TurnParameter">
      <UniqueIdentifier>{bbadc92d-391c-4f0a-943a-654a1b68820f}</UniqueIdentifier>
    </Filter>
    <Filter Include="Scene\SceneList\Play\UI\CommandUI">
      <UniqueIdentifier>{fe8a4351-e448-4d0b-9c8c-7ab3c25362c6}</UniqueIdentifier>
    </Filter>
    <Filter Include="Object\Actor\BattleFunction">
      <UniqueIdentifier>{66af6f26-da10-4ef4-8a74-93f8a3103810}</UniqueIdentifier>
    </Filter>
    <Filter Include="Object\EffectManager">
      <UniqueIdentifier>{244ffaf9-8051-434a-b403-0bd3bfc877c6}</UniqueIdentifier>
    </Filter>
    <Filter Include="Scene\SceneList\Play\World\World1">
      <UniqueIdentifier>{f99957cf-72ab-4bc1-b135-5071d0a64e45}</UniqueIdentifier>
    </Filter>
  </ItemGroup>
  <ItemGroup>
    <ClInclude Include="stdafx.h">
      <Filter>헤더 파일</Filter>
    </ClInclude>
    <ClInclude Include="targetver.h">
      <Filter>헤더 파일</Filter>
    </ClInclude>
    <ClInclude Include="DX2DApp.h">
      <Filter>소스 파일\System\D2D</Filter>
    </ClInclude>
    <ClInclude Include="MainEntry.h">
      <Filter>소스 파일\MainEntry</Filter>
    </ClInclude>
    <ClInclude Include="DefineHeader.h">
      <Filter>헤더 파일</Filter>
    </ClInclude>
    <ClInclude Include="cApplication.h">
      <Filter>소스 파일\System</Filter>
    </ClInclude>
    <ClInclude Include="Utillity.h">
      <Filter>헤더 파일\Utillity</Filter>
    </ClInclude>
    <ClInclude Include="ShapeMacro.h">
      <Filter>헤더 파일\Utillity</Filter>
    </ClInclude>
    <ClInclude Include="ColorMecro.h">
      <Filter>헤더 파일\Utillity</Filter>
    </ClInclude>
    <ClInclude Include="RandomMacro.h">
      <Filter>헤더 파일\Utillity</Filter>
    </ClInclude>
    <ClInclude Include="TimeModule.h">
      <Filter>Module\SingletonModule\TimeModule</Filter>
    </ClInclude>
    <ClInclude Include="FontModule.h">
      <Filter>Module\SingletonModule\FontModule</Filter>
    </ClInclude>
    <ClInclude Include="SingletonBase.h">
      <Filter>Module\SingletonModule</Filter>
    </ClInclude>
    <ClInclude Include="CameraModule.h">
      <Filter>Module\SingletonModule\CameraModule</Filter>
    </ClInclude>
    <ClInclude Include="BrushModule.h">
      <Filter>Module\SingletonModule\BrushModule</Filter>
    </ClInclude>
    <ClInclude Include="ImageModule.h">
      <Filter>Module\SingletonModule\ImageModule</Filter>
    </ClInclude>
    <ClInclude Include="KeyModule.h">
      <Filter>Module\KeyModule</Filter>
    </ClInclude>
    <ClInclude Include="ImageManager.h">
      <Filter>Module\SingletonModule\ImageModule\ImageManager</Filter>
    </ClInclude>
    <ClInclude Include="ImageSource.h">
      <Filter>Module\SingletonModule\ImageModule\ImageSource</Filter>
    </ClInclude>
    <ClInclude Include="CollisionHelper.h">
      <Filter>헤더 파일\Collision</Filter>
    </ClInclude>
    <ClInclude Include="CullHelper.h">
      <Filter>헤더 파일\Utillity\CullHelper</Filter>
    </ClInclude>
    <ClInclude Include="LoadSource.h">
      <Filter>LoadSource</Filter>
    </ClInclude>
    <ClInclude Include="SoundModule.h">
      <Filter>Module\SingletonModule\Sound</Filter>
    </ClInclude>
    <ClInclude Include="GameObject.h">
      <Filter>Object</Filter>
    </ClInclude>
    <ClInclude Include="Data.h">
      <Filter>Module\Data</Filter>
    </ClInclude>
    <ClInclude Include="Tile.h">
      <Filter>Object\Tile</Filter>
    </ClInclude>
    <ClInclude Include="MapClass.h">
      <Filter>Map</Filter>
    </ClInclude>
    <ClInclude Include="EditScene.h">
      <Filter>Scene\SceneList\Edit</Filter>
    </ClInclude>
    <ClInclude Include="EditUI.h">
      <Filter>Scene\SceneList\Edit\UI</Filter>
    </ClInclude>
    <ClInclude Include="EditController.h">
      <Filter>Scene\SceneList\Edit\Controller</Filter>
    </ClInclude>
    <ClInclude Include="UIClass.h">
      <Filter>UI</Filter>
    </ClInclude>
    <ClInclude Include="Palette.h">
      <Filter>Scene\SceneList\Edit\UI\Palette</Filter>
    </ClInclude>
    <ClInclude Include="EditBtnManager.h">
      <Filter>Scene\SceneList\Edit\UI\Button</Filter>
    </ClInclude>
    <ClInclude Include="ObjectManager.h">
      <Filter>Object\ObjectManager</Filter>
    </ClInclude>
    <ClInclude Include="TitleScene.h">
      <Filter>Scene\SceneList\Title</Filter>
    </ClInclude>
    <ClInclude Include="Actor.h">
      <Filter>Object\Actor</Filter>
    </ClInclude>
    <ClInclude Include="Player.h">
      <Filter>Object\Actor\Player</Filter>
    </ClInclude>
    <ClInclude Include="World.h">
      <Filter>Scene\SceneList\Play\World</Filter>
    </ClInclude>
    <ClInclude Include="Pannel.h">
      <Filter>UI\Pannel</Filter>
    </ClInclude>
    <ClInclude Include="Button.h">
      <Filter>UI\Button</Filter>
    </ClInclude>
    <ClInclude Include="TestClass.h">
      <Filter>Scene\SceneList\Test</Filter>
    </ClInclude>
    <ClInclude Include="Matter.h">
      <Filter>Object\MapObject</Filter>
    </ClInclude>
    <ClInclude Include="Monster.h">
      <Filter>Object\Actor\Monster</Filter>
    </ClInclude>
    <ClInclude Include="PrograssBar.h">
      <Filter>Object\ProgressBar</Filter>
    </ClInclude>
    <ClInclude Include="SearchObject.h">
      <Filter>Object\ObjectManager\SearchObject</Filter>
    </ClInclude>
    <ClInclude Include="PlayController.h">
      <Filter>Scene\SceneList\Play\Controller</Filter>
    </ClInclude>
    <ClInclude Include="Season.h">
      <Filter>Module\Season</Filter>
    </ClInclude>
    <ClInclude Include="AStar.h">
      <Filter>Object\ObjectManager\SearchObject\AStar</Filter>
    </ClInclude>
    <ClInclude Include="Battle.h">
      <Filter>Scene\SceneList\Play\Battle</Filter>
    </ClInclude>
    <ClInclude Include="PlayUI.h">
      <Filter>Scene\SceneList\Play\UI</Filter>
    </ClInclude>
    <ClInclude Include="SeasonUI.h">
      <Filter>Scene\SceneList\Play\UI\SeasonUI</Filter>
    </ClInclude>
    <ClInclude Include="PlayerStatus.h">
      <Filter>Scene\SceneList\Play\UI\Status\PlayerStatus</Filter>
    </ClInclude>
    <ClInclude Include="PlayerSelect.h">
      <Filter>Scene\SceneList\Play\Select</Filter>
    </ClInclude>
    <ClInclude Include="CreatePlayer.h">
      <Filter>Scene\SceneList\Play\Select\CreatePlayer</Filter>
    </ClInclude>
    <ClInclude Include="SceneModule.h">
      <Filter>Module\SingletonModule\SceneModule</Filter>
    </ClInclude>
    <ClInclude Include="OptionScene.h">
      <Filter>Scene\SceneList\Option</Filter>
    </ClInclude>
    <ClInclude Include="OptionUI.h">
      <Filter>Scene\SceneList\Play\UI\Option</Filter>
    </ClInclude>
    <ClInclude Include="World9.h">
      <Filter>Scene\SceneList\Play\World\World9</Filter>
    </ClInclude>
    <ClInclude Include="World1.h">
      <Filter>Scene\SceneList\Play\World\World1</Filter>
    </ClInclude>
    <ClInclude Include="World2.h">
      <Filter>Scene\SceneList\Play\World\World2</Filter>
    </ClInclude>
    <ClInclude Include="World3.h">
      <Filter>Scene\SceneList\Play\World\World3</Filter>
    </ClInclude>
    <ClInclude Include="World4.h">
      <Filter>Scene\SceneList\Play\World\World4</Filter>
    </ClInclude>
    <ClInclude Include="World5.h">
      <Filter>Scene\SceneList\Play\World\World5</Filter>
    </ClInclude>
    <ClInclude Include="World6.h">
      <Filter>Scene\SceneList\Play\World\World6</Filter>
    </ClInclude>
    <ClInclude Include="World7.h">
      <Filter>Scene\SceneList\Play\World\World7</Filter>
    </ClInclude>
    <ClInclude Include="World8.h">
      <Filter>Scene\SceneList\Play\World\World8</Filter>
    </ClInclude>
    <ClInclude Include="SoundSource.h">
      <Filter>Module\SingletonModule\Sound\SoundSource</Filter>
    </ClInclude>
    <ClInclude Include="TurnParameter.h">
      <Filter>Scene\SceneList\Play\UI\TurnParameter</Filter>
    </ClInclude>
    <ClInclude Include="CommandUI.h">
      <Filter>Scene\SceneList\Play\UI\CommandUI</Filter>
    </ClInclude>
    <ClInclude Include="BattleFunction.h">
      <Filter>Object\Actor\BattleFunction</Filter>
    </ClInclude>
    <ClInclude Include="EffectManager.h">
      <Filter>Object\EffectManager</Filter>
    </ClInclude>
    <ClInclude Include="Effect.h">
      <Filter>Object\EffectManager</Filter>
    </ClInclude>
    <ClInclude Include="PropertyBar.h">
      <Filter>Object\ProgressBar\PropertyBar</Filter>
    </ClInclude>
  </ItemGroup>
  <ItemGroup>
    <ClCompile Include="stdafx.cpp">
      <Filter>소스 파일</Filter>
    </ClCompile>
    <ClCompile Include="DX2DApp.cpp">
      <Filter>소스 파일\System\D2D</Filter>
    </ClCompile>
    <ClCompile Include="winMain.cpp">
      <Filter>소스 파일</Filter>
    </ClCompile>
    <ClCompile Include="MainEntry.cpp">
      <Filter>소스 파일\MainEntry</Filter>
    </ClCompile>
    <ClCompile Include="cApplication.cpp">
      <Filter>소스 파일\System</Filter>
    </ClCompile>
    <ClCompile Include="TimeModule.cpp">
      <Filter>Module\SingletonModule\TimeModule</Filter>
    </ClCompile>
    <ClCompile Include="FontModule.cpp">
      <Filter>Module\SingletonModule\FontModule</Filter>
    </ClCompile>
    <ClCompile Include="CameraModule.cpp">
      <Filter>Module\SingletonModule\CameraModule</Filter>
    </ClCompile>
    <ClCompile Include="BrushModule.cpp">
      <Filter>Module\SingletonModule\BrushModule</Filter>
    </ClCompile>
    <ClCompile Include="ImageModule.cpp">
      <Filter>Module\SingletonModule\ImageModule</Filter>
    </ClCompile>
    <ClCompile Include="KeyModule.cpp">
      <Filter>Module\KeyModule</Filter>
    </ClCompile>
    <ClCompile Include="ImageManager.cpp">
      <Filter>Module\SingletonModule\ImageModule\ImageManager</Filter>
    </ClCompile>
    <ClCompile Include="ImageSource.cpp">
      <Filter>Module\SingletonModule\ImageModule\ImageSource</Filter>
    </ClCompile>
    <ClCompile Include="CollisionHelper.cpp">
      <Filter>헤더 파일\Collision</Filter>
    </ClCompile>
    <ClCompile Include="LoadSource.cpp">
      <Filter>LoadSource</Filter>
    </ClCompile>
    <ClCompile Include="SoundModule.cpp">
      <Filter>Module\SingletonModule\Sound</Filter>
    </ClCompile>
    <ClCompile Include="GameObject.cpp">
      <Filter>Object</Filter>
    </ClCompile>
    <ClCompile Include="Data.cpp">
      <Filter>Module\Data</Filter>
    </ClCompile>
    <ClCompile Include="Tile.cpp">
      <Filter>Object\Tile</Filter>
    </ClCompile>
    <ClCompile Include="MapClass.cpp">
      <Filter>Map</Filter>
    </ClCompile>
    <ClCompile Include="EditScene.cpp">
      <Filter>Scene\SceneList\Edit</Filter>
    </ClCompile>
    <ClCompile Include="EditUI.cpp">
      <Filter>Scene\SceneList\Edit\UI</Filter>
    </ClCompile>
    <ClCompile Include="EditController.cpp">
      <Filter>Scene\SceneList\Edit\Controller</Filter>
    </ClCompile>
    <ClCompile Include="UIClass.cpp">
      <Filter>UI</Filter>
    </ClCompile>
    <ClCompile Include="Palette.cpp">
      <Filter>Scene\SceneList\Edit\UI\Palette</Filter>
    </ClCompile>
    <ClCompile Include="EditBtnManager.cpp">
      <Filter>Scene\SceneList\Edit\UI\Button</Filter>
    </ClCompile>
    <ClCompile Include="PaletteFunction.cpp">
      <Filter>Scene\SceneList\Edit\UI\Palette</Filter>
    </ClCompile>
    <ClCompile Include="PaletteList.cpp">
      <Filter>Scene\SceneList\Edit\UI\Palette</Filter>
    </ClCompile>
    <ClCompile Include="EditControllerFunction.cpp">
      <Filter>Scene\SceneList\Edit\Controller</Filter>
    </ClCompile>
    <ClCompile Include="ObjectManager.cpp">
      <Filter>Object\ObjectManager</Filter>
    </ClCompile>
    <ClCompile Include="GameObjectPalette.cpp">
      <Filter>Object</Filter>
    </ClCompile>
    <ClCompile Include="SaveData.cpp">
      <Filter>Module\Data</Filter>
    </ClCompile>
    <ClCompile Include="LoadData.cpp">
      <Filter>Module\Data</Filter>
    </ClCompile>
    <ClCompile Include="TitleScene.cpp">
      <Filter>Scene\SceneList\Title</Filter>
    </ClCompile>
    <ClCompile Include="Actor.cpp">
      <Filter>Object\Actor</Filter>
    </ClCompile>
    <ClCompile Include="Player.cpp">
      <Filter>Object\Actor\Player</Filter>
    </ClCompile>
    <ClCompile Include="ActorStatus.cpp">
      <Filter>Object\Actor</Filter>
    </ClCompile>
    <ClCompile Include="World.cpp">
      <Filter>Scene\SceneList\Play\World</Filter>
    </ClCompile>
    <ClCompile Include="Pannel.cpp">
      <Filter>UI\Pannel</Filter>
    </ClCompile>
    <ClCompile Include="Button.cpp">
      <Filter>UI\Button</Filter>
    </ClCompile>
    <ClCompile Include="TestClass.cpp">
      <Filter>Scene\SceneList\Test</Filter>
    </ClCompile>
    <ClCompile Include="Matter.cpp">
      <Filter>Object\MapObject</Filter>
    </ClCompile>
    <ClCompile Include="ActorBehavior.cpp">
      <Filter>Object\Actor</Filter>
    </ClCompile>
    <ClCompile Include="Monster.cpp">
      <Filter>Object\Actor\Monster</Filter>
    </ClCompile>
    <ClCompile Include="MonsterKind.cpp">
      <Filter>Object\Actor\Monster</Filter>
    </ClCompile>
    <ClCompile Include="PrograssBar.cpp">
      <Filter>Object\ProgressBar</Filter>
    </ClCompile>
    <ClCompile Include="SearchObject.cpp">
      <Filter>Object\ObjectManager\SearchObject</Filter>
    </ClCompile>
    <ClCompile Include="MonsterBehavior.cpp">
      <Filter>Object\Actor\Monster</Filter>
    </ClCompile>
    <ClCompile Include="PlayController.cpp">
      <Filter>Scene\SceneList\Play\Controller</Filter>
    </ClCompile>
    <ClCompile Include="Season.cpp">
      <Filter>Module\Season</Filter>
    </ClCompile>
    <ClCompile Include="AStar.cpp">
      <Filter>Object\ObjectManager\SearchObject\AStar</Filter>
    </ClCompile>
    <ClCompile Include="SearchObjectCollision.cpp">
      <Filter>Object\ObjectManager\SearchObject</Filter>
    </ClCompile>
    <ClCompile Include="Battle.cpp">
      <Filter>Scene\SceneList\Play\Battle</Filter>
    </ClCompile>
    <ClCompile Include="PlayUI.cpp">
      <Filter>Scene\SceneList\Play\UI</Filter>
    </ClCompile>
    <ClCompile Include="SeasonUI.cpp">
      <Filter>Scene\SceneList\Play\UI\SeasonUI</Filter>
    </ClCompile>
    <ClCompile Include="PlayerStatus.cpp">
      <Filter>Scene\SceneList\Play\UI\Status\PlayerStatus</Filter>
    </ClCompile>
    <ClCompile Include="PlayerSelect.cpp">
      <Filter>Scene\SceneList\Play\Select</Filter>
    </ClCompile>
    <ClCompile Include="CreatePlayer.cpp">
      <Filter>Scene\SceneList\Play\Select\CreatePlayer</Filter>
    </ClCompile>
    <ClCompile Include="PlayerStatusFunction.cpp">
      <Filter>Scene\SceneList\Play\UI\Status\PlayerStatus</Filter>
    </ClCompile>
    <ClCompile Include="SceneModule.cpp">
      <Filter>Module\SingletonModule\SceneModule</Filter>
    </ClCompile>
    <ClCompile Include="OptionScene.cpp">
      <Filter>Scene\SceneList\Option</Filter>
    </ClCompile>
    <ClCompile Include="MonsterStatus.cpp">
      <Filter>Object\Actor\Monster</Filter>
    </ClCompile>
    <ClCompile Include="OptionUI.cpp">
      <Filter>Scene\SceneList\Play\UI\Option</Filter>
    </ClCompile>
    <ClCompile Include="World9.cpp">
      <Filter>Scene\SceneList\Play\World\World9</Filter>
    </ClCompile>
    <ClCompile Include="World1.cpp">
      <Filter>Scene\SceneList\Play\World\World1</Filter>
    </ClCompile>
    <ClCompile Include="World2.cpp">
      <Filter>Scene\SceneList\Play\World\World2</Filter>
    </ClCompile>
    <ClCompile Include="World3.cpp">
      <Filter>Scene\SceneList\Play\World\World3</Filter>
    </ClCompile>
    <ClCompile Include="World4.cpp">
      <Filter>Scene\SceneList\Play\World\World4</Filter>
    </ClCompile>
    <ClCompile Include="World5.cpp">
      <Filter>Scene\SceneList\Play\World\World5</Filter>
    </ClCompile>
    <ClCompile Include="World6.cpp">
      <Filter>Scene\SceneList\Play\World\World6</Filter>
    </ClCompile>
    <ClCompile Include="World7.cpp">
      <Filter>Scene\SceneList\Play\World\World7</Filter>
    </ClCompile>
    <ClCompile Include="World8.cpp">
      <Filter>Scene\SceneList\Play\World\World8</Filter>
    </ClCompile>
    <ClCompile Include="SoundSource.cpp">
      <Filter>Module\SingletonModule\Sound\SoundSource</Filter>
    </ClCompile>
    <ClCompile Include="TurnParameter.cpp">
      <Filter>Scene\SceneList\Play\UI\TurnParameter</Filter>
    </ClCompile>
    <ClCompile Include="CommandUI.cpp">
      <Filter>Scene\SceneList\Play\UI\CommandUI</Filter>
    </ClCompile>
    <ClCompile Include="AStar_Battle.cpp">
      <Filter>Object\ObjectManager\SearchObject\AStar</Filter>
    </ClCompile>
    <ClCompile Include="BattleFunction.cpp">
      <Filter>Object\Actor\BattleFunction</Filter>
    </ClCompile>
    <ClCompile Include="EffectManager.cpp">
      <Filter>Object\EffectManager</Filter>
    </ClCompile>
    <ClCompile Include="Effect.cpp">
      <Filter>Object\EffectManager</Filter>
    </ClCompile>
    <ClCompile Include="PropertyBar.cpp">
      <Filter>Object\ProgressBar\PropertyBar</Filter>
    </ClCompile>
  </ItemGroup>
  <ItemGroup>
    <Text Include="CodeFix.txt" />
    <Text Include="Text.txt" />
  </ItemGroup>
</Project>